// !$*UTF8*$!
{
	archiveVersion = 1;
	classes = {
	};
	objectVersion = 56;
	objects = {

/* Begin PBXBuildFile section */
		B232C19E29DE49A400E4EF9B /* Guidomia2021Tests.swift in Sources */ = {isa = PBXBuildFile; fileRef = B232C19D29DE49A400E4EF9B /* Guidomia2021Tests.swift */; };
		B232C1A629DE591B00E4EF9B /* CarListViewPresenterTests.swift in Sources */ = {isa = PBXBuildFile; fileRef = B232C1A529DE591B00E4EF9B /* CarListViewPresenterTests.swift */; };
		B232C1AA29DE5E2300E4EF9B /* CarListDataTests.swift in Sources */ = {isa = PBXBuildFile; fileRef = B232C1A929DE5E2300E4EF9B /* CarListDataTests.swift */; };
		B232C1AD29DE660D00E4EF9B /* CarList_Invalid.json in Resources */ = {isa = PBXBuildFile; fileRef = B232C1AC29DE660D00E4EF9B /* CarList_Invalid.json */; };
		B232C1B029DE746C00E4EF9B /* MockCarListViewPresenter.swift in Sources */ = {isa = PBXBuildFile; fileRef = B232C1AF29DE746C00E4EF9B /* MockCarListViewPresenter.swift */; };
		B232C1B229DE747900E4EF9B /* MockCarListViewInteractor.swift in Sources */ = {isa = PBXBuildFile; fileRef = B232C1B129DE747900E4EF9B /* MockCarListViewInteractor.swift */; };
		B232C1B529DE776100E4EF9B /* DBManager.swift in Sources */ = {isa = PBXBuildFile; fileRef = B232C1B429DE776100E4EF9B /* DBManager.swift */; };
		B232C1B729DE799100E4EF9B /* NSStringTransformer.swift in Sources */ = {isa = PBXBuildFile; fileRef = B232C1B629DE799100E4EF9B /* NSStringTransformer.swift */; };
		B2B6D49029DCA4980070873F /* AppDelegate.swift in Sources */ = {isa = PBXBuildFile; fileRef = B2B6D48F29DCA4980070873F /* AppDelegate.swift */; };
		B2B6D49229DCA4980070873F /* SceneDelegate.swift in Sources */ = {isa = PBXBuildFile; fileRef = B2B6D49129DCA4980070873F /* SceneDelegate.swift */; };
		B2B6D49729DCA4980070873F /* Main.storyboard in Resources */ = {isa = PBXBuildFile; fileRef = B2B6D49529DCA4980070873F /* Main.storyboard */; };
		B2B6D49929DCA49B0070873F /* Assets.xcassets in Resources */ = {isa = PBXBuildFile; fileRef = B2B6D49829DCA49B0070873F /* Assets.xcassets */; };
		B2B6D49C29DCA49B0070873F /* LaunchScreen.storyboard in Resources */ = {isa = PBXBuildFile; fileRef = B2B6D49A29DCA49B0070873F /* LaunchScreen.storyboard */; };
		B2B6D4A729DD1F370070873F /* JStarRatingView.swift in Sources */ = {isa = PBXBuildFile; fileRef = B2B6D4A429DD1F370070873F /* JStarRatingView.swift */; };
		B2B6D4A829DD1F370070873F /* StarRatingStackView.xib in Resources */ = {isa = PBXBuildFile; fileRef = B2B6D4A529DD1F370070873F /* StarRatingStackView.xib */; };
		B2B6D4A929DD1F370070873F /* StarRatingStackView.swift in Sources */ = {isa = PBXBuildFile; fileRef = B2B6D4A629DD1F370070873F /* StarRatingStackView.swift */; };
		B2B6D4AC29DD29CE0070873F /* car_list.json in Resources */ = {isa = PBXBuildFile; fileRef = B2B6D4AB29DD29CE0070873F /* car_list.json */; };
		B2B6D4AF29DD2BA10070873F /* CarListViewProtocols.swift in Sources */ = {isa = PBXBuildFile; fileRef = B2B6D4AE29DD2BA10070873F /* CarListViewProtocols.swift */; };
		B2B6D4B129DD2BAE0070873F /* CarListViewPresenter.swift in Sources */ = {isa = PBXBuildFile; fileRef = B2B6D4B029DD2BAE0070873F /* CarListViewPresenter.swift */; };
		B2B6D4B329DD2BBB0070873F /* CarListViewInteractor.swift in Sources */ = {isa = PBXBuildFile; fileRef = B2B6D4B229DD2BBB0070873F /* CarListViewInteractor.swift */; };
		B2B6D4B529DD2BCA0070873F /* CarListViewRouter.swift in Sources */ = {isa = PBXBuildFile; fileRef = B2B6D4B429DD2BCA0070873F /* CarListViewRouter.swift */; };
		B2B6D4B929DD2CD00070873F /* CarListViewController.swift in Sources */ = {isa = PBXBuildFile; fileRef = B2B6D4B829DD2CD00070873F /* CarListViewController.swift */; };
		B2B6D4BB29DD2D130070873F /* CarListEntity.swift in Sources */ = {isa = PBXBuildFile; fileRef = B2B6D4BA29DD2D130070873F /* CarListEntity.swift */; };
		B2B6D4BE29DD3A300070873F /* CarListViewTableViewCell.swift in Sources */ = {isa = PBXBuildFile; fileRef = B2B6D4BD29DD3A300070873F /* CarListViewTableViewCell.swift */; };
		B2B6D4C129DD41990070873F /* Constant.swift in Sources */ = {isa = PBXBuildFile; fileRef = B2B6D4C029DD41990070873F /* Constant.swift */; };
		B2B6D4C429DDEA890070873F /* Model.xcdatamodeld in Sources */ = {isa = PBXBuildFile; fileRef = B2B6D4C229DDEA890070873F /* Model.xcdatamodeld */; };
		B2B6D4CE29DDEE430070873F /* Vehicle+CoreDataClass.swift in Sources */ = {isa = PBXBuildFile; fileRef = B2B6D4CC29DDEE430070873F /* Vehicle+CoreDataClass.swift */; };
		B2B6D4CF29DDEE430070873F /* Vehicle+CoreDataProperties.swift in Sources */ = {isa = PBXBuildFile; fileRef = B2B6D4CD29DDEE430070873F /* Vehicle+CoreDataProperties.swift */; };
/* End PBXBuildFile section */

/* Begin PBXContainerItemProxy section */
		B232C19F29DE49A400E4EF9B /* PBXContainerItemProxy */ = {
			isa = PBXContainerItemProxy;
			containerPortal = B2B6D48429DCA4980070873F /* Project object */;
			proxyType = 1;
			remoteGlobalIDString = B2B6D48B29DCA4980070873F;
			remoteInfo = Guidomia2021;
		};
/* End PBXContainerItemProxy section */

/* Begin PBXFileReference section */
		B232C19B29DE49A400E4EF9B /* Guidomia2021Tests.xctest */ = {isa = PBXFileReference; explicitFileType = wrapper.cfbundle; includeInIndex = 0; path = Guidomia2021Tests.xctest; sourceTree = BUILT_PRODUCTS_DIR; };
		B232C19D29DE49A400E4EF9B /* Guidomia2021Tests.swift */ = {isa = PBXFileReference; lastKnownFileType = sourcecode.swift; path = Guidomia2021Tests.swift; sourceTree = "<group>"; };
		B232C1A529DE591B00E4EF9B /* CarListViewPresenterTests.swift */ = {isa = PBXFileReference; lastKnownFileType = sourcecode.swift; path = CarListViewPresenterTests.swift; sourceTree = "<group>"; };
		B232C1A929DE5E2300E4EF9B /* CarListDataTests.swift */ = {isa = PBXFileReference; lastKnownFileType = sourcecode.swift; path = CarListDataTests.swift; sourceTree = "<group>"; };
		B232C1AC29DE660D00E4EF9B /* CarList_Invalid.json */ = {isa = PBXFileReference; lastKnownFileType = text.json; path = CarList_Invalid.json; sourceTree = "<group>"; };
		B232C1AF29DE746C00E4EF9B /* MockCarListViewPresenter.swift */ = {isa = PBXFileReference; lastKnownFileType = sourcecode.swift; path = MockCarListViewPresenter.swift; sourceTree = "<group>"; };
		B232C1B129DE747900E4EF9B /* MockCarListViewInteractor.swift */ = {isa = PBXFileReference; lastKnownFileType = sourcecode.swift; path = MockCarListViewInteractor.swift; sourceTree = "<group>"; };
		B232C1B429DE776100E4EF9B /* DBManager.swift */ = {isa = PBXFileReference; lastKnownFileType = sourcecode.swift; path = DBManager.swift; sourceTree = "<group>"; };
		B232C1B629DE799100E4EF9B /* NSStringTransformer.swift */ = {isa = PBXFileReference; lastKnownFileType = sourcecode.swift; path = NSStringTransformer.swift; sourceTree = "<group>"; };
		B2B6D48C29DCA4980070873F /* Guidomia2021.app */ = {isa = PBXFileReference; explicitFileType = wrapper.application; includeInIndex = 0; path = Guidomia2021.app; sourceTree = BUILT_PRODUCTS_DIR; };
		B2B6D48F29DCA4980070873F /* AppDelegate.swift */ = {isa = PBXFileReference; lastKnownFileType = sourcecode.swift; path = AppDelegate.swift; sourceTree = "<group>"; };
		B2B6D49129DCA4980070873F /* SceneDelegate.swift */ = {isa = PBXFileReference; lastKnownFileType = sourcecode.swift; path = SceneDelegate.swift; sourceTree = "<group>"; };
		B2B6D49629DCA4980070873F /* Base */ = {isa = PBXFileReference; lastKnownFileType = file.storyboard; name = Base; path = Base.lproj/Main.storyboard; sourceTree = "<group>"; };
		B2B6D49829DCA49B0070873F /* Assets.xcassets */ = {isa = PBXFileReference; lastKnownFileType = folder.assetcatalog; path = Assets.xcassets; sourceTree = "<group>"; };
		B2B6D49B29DCA49B0070873F /* Base */ = {isa = PBXFileReference; lastKnownFileType = file.storyboard; name = Base; path = Base.lproj/LaunchScreen.storyboard; sourceTree = "<group>"; };
		B2B6D49D29DCA49B0070873F /* Info.plist */ = {isa = PBXFileReference; lastKnownFileType = text.plist.xml; path = Info.plist; sourceTree = "<group>"; };
		B2B6D4A429DD1F370070873F /* JStarRatingView.swift */ = {isa = PBXFileReference; fileEncoding = 4; lastKnownFileType = sourcecode.swift; path = JStarRatingView.swift; sourceTree = "<group>"; };
		B2B6D4A529DD1F370070873F /* StarRatingStackView.xib */ = {isa = PBXFileReference; fileEncoding = 4; lastKnownFileType = file.xib; path = StarRatingStackView.xib; sourceTree = "<group>"; };
		B2B6D4A629DD1F370070873F /* StarRatingStackView.swift */ = {isa = PBXFileReference; fileEncoding = 4; lastKnownFileType = sourcecode.swift; path = StarRatingStackView.swift; sourceTree = "<group>"; };
		B2B6D4AB29DD29CE0070873F /* car_list.json */ = {isa = PBXFileReference; fileEncoding = 4; lastKnownFileType = text.json; path = car_list.json; sourceTree = "<group>"; };
		B2B6D4AE29DD2BA10070873F /* CarListViewProtocols.swift */ = {isa = PBXFileReference; lastKnownFileType = sourcecode.swift; path = CarListViewProtocols.swift; sourceTree = "<group>"; };
		B2B6D4B029DD2BAE0070873F /* CarListViewPresenter.swift */ = {isa = PBXFileReference; lastKnownFileType = sourcecode.swift; path = CarListViewPresenter.swift; sourceTree = "<group>"; };
		B2B6D4B229DD2BBB0070873F /* CarListViewInteractor.swift */ = {isa = PBXFileReference; lastKnownFileType = sourcecode.swift; path = CarListViewInteractor.swift; sourceTree = "<group>"; };
		B2B6D4B429DD2BCA0070873F /* CarListViewRouter.swift */ = {isa = PBXFileReference; lastKnownFileType = sourcecode.swift; path = CarListViewRouter.swift; sourceTree = "<group>"; };
		B2B6D4B829DD2CD00070873F /* CarListViewController.swift */ = {isa = PBXFileReference; lastKnownFileType = sourcecode.swift; path = CarListViewController.swift; sourceTree = "<group>"; };
		B2B6D4BA29DD2D130070873F /* CarListEntity.swift */ = {isa = PBXFileReference; lastKnownFileType = sourcecode.swift; path = CarListEntity.swift; sourceTree = "<group>"; };
		B2B6D4BD29DD3A300070873F /* CarListViewTableViewCell.swift */ = {isa = PBXFileReference; lastKnownFileType = sourcecode.swift; path = CarListViewTableViewCell.swift; sourceTree = "<group>"; };
		B2B6D4C029DD41990070873F /* Constant.swift */ = {isa = PBXFileReference; lastKnownFileType = sourcecode.swift; path = Constant.swift; sourceTree = "<group>"; };
		B2B6D4C329DDEA890070873F /* Model.xcdatamodel */ = {isa = PBXFileReference; lastKnownFileType = wrapper.xcdatamodel; path = Model.xcdatamodel; sourceTree = "<group>"; };
		B2B6D4CC29DDEE430070873F /* Vehicle+CoreDataClass.swift */ = {isa = PBXFileReference; lastKnownFileType = sourcecode.swift; path = "Vehicle+CoreDataClass.swift"; sourceTree = "<group>"; };
		B2B6D4CD29DDEE430070873F /* Vehicle+CoreDataProperties.swift */ = {isa = PBXFileReference; lastKnownFileType = sourcecode.swift; path = "Vehicle+CoreDataProperties.swift"; sourceTree = "<group>"; };
/* End PBXFileReference section */

/* Begin PBXFrameworksBuildPhase section */
		B232C19829DE49A400E4EF9B /* Frameworks */ = {
			isa = PBXFrameworksBuildPhase;
			buildActionMask = 2147483647;
			files = (
			);
			runOnlyForDeploymentPostprocessing = 0;
		};
		B2B6D48929DCA4980070873F /* Frameworks */ = {
			isa = PBXFrameworksBuildPhase;
			buildActionMask = 2147483647;
			files = (
			);
			runOnlyForDeploymentPostprocessing = 0;
		};
/* End PBXFrameworksBuildPhase section */

/* Begin PBXGroup section */
		B232C19C29DE49A400E4EF9B /* Guidomia2021Tests */ = {
			isa = PBXGroup;
			children = (
				B232C1AB29DE65F700E4EF9B /* CarListInvalid */,
				B232C1A429DE590300E4EF9B /* CarListViewTests */,
				B232C19D29DE49A400E4EF9B /* Guidomia2021Tests.swift */,
			);
			path = Guidomia2021Tests;
			sourceTree = "<group>";
		};
		B232C1A429DE590300E4EF9B /* CarListViewTests */ = {
			isa = PBXGroup;
			children = (
				B232C1AE29DE745B00E4EF9B /* Helper */,
				B232C1A529DE591B00E4EF9B /* CarListViewPresenterTests.swift */,
				B232C1A929DE5E2300E4EF9B /* CarListDataTests.swift */,
			);
			path = CarListViewTests;
			sourceTree = "<group>";
		};
		B232C1AB29DE65F700E4EF9B /* CarListInvalid */ = {
			isa = PBXGroup;
			children = (
				B232C1AC29DE660D00E4EF9B /* CarList_Invalid.json */,
			);
			path = CarListInvalid;
			sourceTree = "<group>";
		};
		B232C1AE29DE745B00E4EF9B /* Helper */ = {
			isa = PBXGroup;
			children = (
				B232C1AF29DE746C00E4EF9B /* MockCarListViewPresenter.swift */,
				B232C1B129DE747900E4EF9B /* MockCarListViewInteractor.swift */,
			);
			path = Helper;
			sourceTree = "<group>";
		};
		B232C1B329DE773C00E4EF9B /* DataBase Helper */ = {
			isa = PBXGroup;
			children = (
				B232C1B429DE776100E4EF9B /* DBManager.swift */,
			);
			path = "DataBase Helper";
			sourceTree = "<group>";
		};
		B2B6D48329DCA4980070873F = {
			isa = PBXGroup;
			children = (
				B2B6D48E29DCA4980070873F /* Guidomia2021 */,
				B232C19C29DE49A400E4EF9B /* Guidomia2021Tests */,
				B2B6D48D29DCA4980070873F /* Products */,
			);
			sourceTree = "<group>";
		};
		B2B6D48D29DCA4980070873F /* Products */ = {
			isa = PBXGroup;
			children = (
				B2B6D48C29DCA4980070873F /* Guidomia2021.app */,
				B232C19B29DE49A400E4EF9B /* Guidomia2021Tests.xctest */,
			);
			name = Products;
			sourceTree = "<group>";
		};
		B2B6D48E29DCA4980070873F /* Guidomia2021 */ = {
			isa = PBXGroup;
			children = (
				B232C1B329DE773C00E4EF9B /* DataBase Helper */,
				B2B6D4C729DDEBB70070873F /* CarList-CoreData */,
				B2B6D4C529DDEB9B0070873F /* DataBase */,
				B2B6D4BF29DD41840070873F /* Utilities */,
				B2B6D4BC29DD3A0C0070873F /* Views */,
				B2B6D4AD29DD2AF20070873F /* CarListView */,
				B2B6D4AA29DD29B80070873F /* Car Data */,
				B2B6D4A329DD1F1B0070873F /* JStarRatingView */,
				B2B6D48F29DCA4980070873F /* AppDelegate.swift */,
				B2B6D49129DCA4980070873F /* SceneDelegate.swift */,
				B2B6D49529DCA4980070873F /* Main.storyboard */,
				B2B6D49829DCA49B0070873F /* Assets.xcassets */,
				B2B6D49A29DCA49B0070873F /* LaunchScreen.storyboard */,
				B2B6D49D29DCA49B0070873F /* Info.plist */,
			);
			path = Guidomia2021;
			sourceTree = "<group>";
		};
		B2B6D4A329DD1F1B0070873F /* JStarRatingView */ = {
			isa = PBXGroup;
			children = (
				B2B6D4A429DD1F370070873F /* JStarRatingView.swift */,
				B2B6D4A629DD1F370070873F /* StarRatingStackView.swift */,
				B2B6D4A529DD1F370070873F /* StarRatingStackView.xib */,
			);
			path = JStarRatingView;
			sourceTree = "<group>";
		};
		B2B6D4AA29DD29B80070873F /* Car Data */ = {
			isa = PBXGroup;
			children = (
				B2B6D4AB29DD29CE0070873F /* car_list.json */,
			);
			path = "Car Data";
			sourceTree = "<group>";
		};
		B2B6D4AD29DD2AF20070873F /* CarListView */ = {
			isa = PBXGroup;
			children = (
				B2B6D4AE29DD2BA10070873F /* CarListViewProtocols.swift */,
				B2B6D4B029DD2BAE0070873F /* CarListViewPresenter.swift */,
				B2B6D4B229DD2BBB0070873F /* CarListViewInteractor.swift */,
				B2B6D4B429DD2BCA0070873F /* CarListViewRouter.swift */,
				B2B6D4B829DD2CD00070873F /* CarListViewController.swift */,
				B2B6D4BA29DD2D130070873F /* CarListEntity.swift */,
			);
			path = CarListView;
			sourceTree = "<group>";
		};
		B2B6D4BC29DD3A0C0070873F /* Views */ = {
			isa = PBXGroup;
			children = (
				B2B6D4BD29DD3A300070873F /* CarListViewTableViewCell.swift */,
			);
			path = Views;
			sourceTree = "<group>";
		};
		B2B6D4BF29DD41840070873F /* Utilities */ = {
			isa = PBXGroup;
			children = (
				B2B6D4C029DD41990070873F /* Constant.swift */,
			);
			path = Utilities;
			sourceTree = "<group>";
		};
		B2B6D4C529DDEB9B0070873F /* DataBase */ = {
			isa = PBXGroup;
			children = (
				B2B6D4C229DDEA890070873F /* Model.xcdatamodeld */,
			);
			path = DataBase;
			sourceTree = "<group>";
		};
		B2B6D4C729DDEBB70070873F /* CarList-CoreData */ = {
			isa = PBXGroup;
			children = (
				B2B6D4CC29DDEE430070873F /* Vehicle+CoreDataClass.swift */,
				B2B6D4CD29DDEE430070873F /* Vehicle+CoreDataProperties.swift */,
				B232C1B629DE799100E4EF9B /* NSStringTransformer.swift */,
			);
			path = "CarList-CoreData";
			sourceTree = "<group>";
		};
/* End PBXGroup section */

/* Begin PBXNativeTarget section */
		B232C19A29DE49A400E4EF9B /* Guidomia2021Tests */ = {
			isa = PBXNativeTarget;
			buildConfigurationList = B232C1A329DE49A500E4EF9B /* Build configuration list for PBXNativeTarget "Guidomia2021Tests" */;
			buildPhases = (
				B232C19729DE49A400E4EF9B /* Sources */,
				B232C19829DE49A400E4EF9B /* Frameworks */,
				B232C19929DE49A400E4EF9B /* Resources */,
			);
			buildRules = (
			);
			dependencies = (
				B232C1A029DE49A400E4EF9B /* PBXTargetDependency */,
			);
			name = Guidomia2021Tests;
			productName = Guidomia2021Tests;
			productReference = B232C19B29DE49A400E4EF9B /* Guidomia2021Tests.xctest */;
			productType = "com.apple.product-type.bundle.unit-test";
		};
		B2B6D48B29DCA4980070873F /* Guidomia2021 */ = {
			isa = PBXNativeTarget;
			buildConfigurationList = B2B6D4A029DCA49B0070873F /* Build configuration list for PBXNativeTarget "Guidomia2021" */;
			buildPhases = (
				B2B6D48829DCA4980070873F /* Sources */,
				B2B6D48929DCA4980070873F /* Frameworks */,
				B2B6D48A29DCA4980070873F /* Resources */,
			);
			buildRules = (
			);
			dependencies = (
			);
			name = Guidomia2021;
			productName = Guidomia2021;
			productReference = B2B6D48C29DCA4980070873F /* Guidomia2021.app */;
			productType = "com.apple.product-type.application";
		};
/* End PBXNativeTarget section */

/* Begin PBXProject section */
		B2B6D48429DCA4980070873F /* Project object */ = {
			isa = PBXProject;
			attributes = {
				BuildIndependentTargetsInParallel = 1;
				LastSwiftUpdateCheck = 1420;
				LastUpgradeCheck = 1420;
				TargetAttributes = {
					B232C19A29DE49A400E4EF9B = {
						CreatedOnToolsVersion = 14.2;
						TestTargetID = B2B6D48B29DCA4980070873F;
					};
					B2B6D48B29DCA4980070873F = {
						CreatedOnToolsVersion = 14.2;
					};
				};
			};
			buildConfigurationList = B2B6D48729DCA4980070873F /* Build configuration list for PBXProject "Guidomia2021" */;
			compatibilityVersion = "Xcode 14.0";
			developmentRegion = en;
			hasScannedForEncodings = 0;
			knownRegions = (
				en,
				Base,
			);
			mainGroup = B2B6D48329DCA4980070873F;
			productRefGroup = B2B6D48D29DCA4980070873F /* Products */;
			projectDirPath = "";
			projectRoot = "";
			targets = (
				B2B6D48B29DCA4980070873F /* Guidomia2021 */,
				B232C19A29DE49A400E4EF9B /* Guidomia2021Tests */,
			);
		};
/* End PBXProject section */

/* Begin PBXResourcesBuildPhase section */
		B232C19929DE49A400E4EF9B /* Resources */ = {
			isa = PBXResourcesBuildPhase;
			buildActionMask = 2147483647;
			files = (
				B232C1AD29DE660D00E4EF9B /* CarList_Invalid.json in Resources */,
			);
			runOnlyForDeploymentPostprocessing = 0;
		};
		B2B6D48A29DCA4980070873F /* Resources */ = {
			isa = PBXResourcesBuildPhase;
			buildActionMask = 2147483647;
			files = (
				B2B6D4A829DD1F370070873F /* StarRatingStackView.xib in Resources */,
				B2B6D49C29DCA49B0070873F /* LaunchScreen.storyboard in Resources */,
				B2B6D49929DCA49B0070873F /* Assets.xcassets in Resources */,
				B2B6D49729DCA4980070873F /* Main.storyboard in Resources */,
				B2B6D4AC29DD29CE0070873F /* car_list.json in Resources */,
			);
			runOnlyForDeploymentPostprocessing = 0;
		};
/* End PBXResourcesBuildPhase section */

/* Begin PBXSourcesBuildPhase section */
		B232C19729DE49A400E4EF9B /* Sources */ = {
			isa = PBXSourcesBuildPhase;
			buildActionMask = 2147483647;
			files = (
				B232C1B229DE747900E4EF9B /* MockCarListViewInteractor.swift in Sources */,
				B232C1B029DE746C00E4EF9B /* MockCarListViewPresenter.swift in Sources */,
				B232C1A629DE591B00E4EF9B /* CarListViewPresenterTests.swift in Sources */,
				B232C19E29DE49A400E4EF9B /* Guidomia2021Tests.swift in Sources */,
				B232C1AA29DE5E2300E4EF9B /* CarListDataTests.swift in Sources */,
			);
			runOnlyForDeploymentPostprocessing = 0;
		};
		B2B6D48829DCA4980070873F /* Sources */ = {
			isa = PBXSourcesBuildPhase;
			buildActionMask = 2147483647;
			files = (
				B2B6D4A729DD1F370070873F /* JStarRatingView.swift in Sources */,
				B2B6D4C129DD41990070873F /* Constant.swift in Sources */,
				B2B6D4CF29DDEE430070873F /* Vehicle+CoreDataProperties.swift in Sources */,
				B2B6D4AF29DD2BA10070873F /* CarListViewProtocols.swift in Sources */,
				B2B6D4B129DD2BAE0070873F /* CarListViewPresenter.swift in Sources */,
				B2B6D4A929DD1F370070873F /* StarRatingStackView.swift in Sources */,
				B2B6D4B929DD2CD00070873F /* CarListViewController.swift in Sources */,
				B2B6D4BB29DD2D130070873F /* CarListEntity.swift in Sources */,
				B232C1B729DE799100E4EF9B /* NSStringTransformer.swift in Sources */,
				B2B6D4BE29DD3A300070873F /* CarListViewTableViewCell.swift in Sources */,
				B2B6D4CE29DDEE430070873F /* Vehicle+CoreDataClass.swift in Sources */,
				B2B6D49029DCA4980070873F /* AppDelegate.swift in Sources */,
				B232C1B529DE776100E4EF9B /* DBManager.swift in Sources */,
				B2B6D4B329DD2BBB0070873F /* CarListViewInteractor.swift in Sources */,
				B2B6D49229DCA4980070873F /* SceneDelegate.swift in Sources */,
				B2B6D4C429DDEA890070873F /* Model.xcdatamodeld in Sources */,
				B2B6D4B529DD2BCA0070873F /* CarListViewRouter.swift in Sources */,
			);
			runOnlyForDeploymentPostprocessing = 0;
		};
/* End PBXSourcesBuildPhase section */

/* Begin PBXTargetDependency section */
		B232C1A029DE49A400E4EF9B /* PBXTargetDependency */ = {
			isa = PBXTargetDependency;
			target = B2B6D48B29DCA4980070873F /* Guidomia2021 */;
			targetProxy = B232C19F29DE49A400E4EF9B /* PBXContainerItemProxy */;
		};
/* End PBXTargetDependency section */

/* Begin PBXVariantGroup section */
		B2B6D49529DCA4980070873F /* Main.storyboard */ = {
			isa = PBXVariantGroup;
			children = (
				B2B6D49629DCA4980070873F /* Base */,
			);
			name = Main.storyboard;
			sourceTree = "<group>";
		};
		B2B6D49A29DCA49B0070873F /* LaunchScreen.storyboard */ = {
			isa = PBXVariantGroup;
			children = (
				B2B6D49B29DCA49B0070873F /* Base */,
			);
			name = LaunchScreen.storyboard;
			sourceTree = "<group>";
		};
/* End PBXVariantGroup section */

/* Begin XCBuildConfiguration section */
		B232C1A129DE49A500E4EF9B /* Debug */ = {
			isa = XCBuildConfiguration;
			buildSettings = {
				BUNDLE_LOADER = "$(TEST_HOST)";
				CODE_SIGN_STYLE = Automatic;
				CURRENT_PROJECT_VERSION = 1;
				GENERATE_INFOPLIST_FILE = YES;
				MARKETING_VERSION = 1.0;
				PRODUCT_BUNDLE_IDENTIFIER = com.parththakkar.Guidomia2021Tests;
				PRODUCT_NAME = "$(TARGET_NAME)";
				SWIFT_EMIT_LOC_STRINGS = NO;
				SWIFT_VERSION = 5.0;
				TARGETED_DEVICE_FAMILY = "1,2";
				TEST_HOST = "$(BUILT_PRODUCTS_DIR)/Guidomia2021.app/$(BUNDLE_EXECUTABLE_FOLDER_PATH)/Guidomia2021";
			};
			name = Debug;
		};
		B232C1A229DE49A500E4EF9B /* Release */ = {
			isa = XCBuildConfiguration;
			buildSettings = {
				BUNDLE_LOADER = "$(TEST_HOST)";
				CODE_SIGN_STYLE = Automatic;
				CURRENT_PROJECT_VERSION = 1;
				GENERATE_INFOPLIST_FILE = YES;
				MARKETING_VERSION = 1.0;
				PRODUCT_BUNDLE_IDENTIFIER = com.parththakkar.Guidomia2021Tests;
				PRODUCT_NAME = "$(TARGET_NAME)";
				SWIFT_EMIT_LOC_STRINGS = NO;
				SWIFT_VERSION = 5.0;
				TARGETED_DEVICE_FAMILY = "1,2";
				TEST_HOST = "$(BUILT_PRODUCTS_DIR)/Guidomia2021.app/$(BUNDLE_EXECUTABLE_FOLDER_PATH)/Guidomia2021";
			};
			name = Release;
		};
		B2B6D49E29DCA49B0070873F /* Debug */ = {
			isa = XCBuildConfiguration;
			buildSettings = {
				ALWAYS_SEARCH_USER_PATHS = NO;
				CLANG_ANALYZER_NONNULL = YES;
				CLANG_ANALYZER_NUMBER_OBJECT_CONVERSION = YES_AGGRESSIVE;
				CLANG_CXX_LANGUAGE_STANDARD = "gnu++20";
				CLANG_ENABLE_MODULES = YES;
				CLANG_ENABLE_OBJC_ARC = YES;
				CLANG_ENABLE_OBJC_WEAK = YES;
				CLANG_WARN_BLOCK_CAPTURE_AUTORELEASING = YES;
				CLANG_WARN_BOOL_CONVERSION = YES;
				CLANG_WARN_COMMA = YES;
				CLANG_WARN_CONSTANT_CONVERSION = YES;
				CLANG_WARN_DEPRECATED_OBJC_IMPLEMENTATIONS = YES;
				CLANG_WARN_DIRECT_OBJC_ISA_USAGE = YES_ERROR;
				CLANG_WARN_DOCUMENTATION_COMMENTS = YES;
				CLANG_WARN_EMPTY_BODY = YES;
				CLANG_WARN_ENUM_CONVERSION = YES;
				CLANG_WARN_INFINITE_RECURSION = YES;
				CLANG_WARN_INT_CONVERSION = YES;
				CLANG_WARN_NON_LITERAL_NULL_CONVERSION = YES;
				CLANG_WARN_OBJC_IMPLICIT_RETAIN_SELF = YES;
				CLANG_WARN_OBJC_LITERAL_CONVERSION = YES;
				CLANG_WARN_OBJC_ROOT_CLASS = YES_ERROR;
				CLANG_WARN_QUOTED_INCLUDE_IN_FRAMEWORK_HEADER = YES;
				CLANG_WARN_RANGE_LOOP_ANALYSIS = YES;
				CLANG_WARN_STRICT_PROTOTYPES = YES;
				CLANG_WARN_SUSPICIOUS_MOVE = YES;
				CLANG_WARN_UNGUARDED_AVAILABILITY = YES_AGGRESSIVE;
				CLANG_WARN_UNREACHABLE_CODE = YES;
				CLANG_WARN__DUPLICATE_METHOD_MATCH = YES;
				COPY_PHASE_STRIP = NO;
				DEBUG_INFORMATION_FORMAT = dwarf;
				ENABLE_STRICT_OBJC_MSGSEND = YES;
				ENABLE_TESTABILITY = YES;
				GCC_C_LANGUAGE_STANDARD = gnu11;
				GCC_DYNAMIC_NO_PIC = NO;
				GCC_NO_COMMON_BLOCKS = YES;
				GCC_OPTIMIZATION_LEVEL = 0;
				GCC_PREPROCESSOR_DEFINITIONS = (
					"DEBUG=1",
					"$(inherited)",
				);
				GCC_WARN_64_TO_32_BIT_CONVERSION = YES;
				GCC_WARN_ABOUT_RETURN_TYPE = YES_ERROR;
				GCC_WARN_UNDECLARED_SELECTOR = YES;
				GCC_WARN_UNINITIALIZED_AUTOS = YES_AGGRESSIVE;
				GCC_WARN_UNUSED_FUNCTION = YES;
				GCC_WARN_UNUSED_VARIABLE = YES;
				IPHONEOS_DEPLOYMENT_TARGET = 16.2;
				MTL_ENABLE_DEBUG_INFO = INCLUDE_SOURCE;
				MTL_FAST_MATH = YES;
				ONLY_ACTIVE_ARCH = YES;
				SDKROOT = iphoneos;
				SWIFT_ACTIVE_COMPILATION_CONDITIONS = DEBUG;
				SWIFT_OPTIMIZATION_LEVEL = "-Onone";
			};
			name = Debug;
		};
		B2B6D49F29DCA49B0070873F /* Release */ = {
			isa = XCBuildConfiguration;
			buildSettings = {
				ALWAYS_SEARCH_USER_PATHS = NO;
				CLANG_ANALYZER_NONNULL = YES;
				CLANG_ANALYZER_NUMBER_OBJECT_CONVERSION = YES_AGGRESSIVE;
				CLANG_CXX_LANGUAGE_STANDARD = "gnu++20";
				CLANG_ENABLE_MODULES = YES;
				CLANG_ENABLE_OBJC_ARC = YES;
				CLANG_ENABLE_OBJC_WEAK = YES;
				CLANG_WARN_BLOCK_CAPTURE_AUTORELEASING = YES;
				CLANG_WARN_BOOL_CONVERSION = YES;
				CLANG_WARN_COMMA = YES;
				CLANG_WARN_CONSTANT_CONVERSION = YES;
				CLANG_WARN_DEPRECATED_OBJC_IMPLEMENTATIONS = YES;
				CLANG_WARN_DIRECT_OBJC_ISA_USAGE = YES_ERROR;
				CLANG_WARN_DOCUMENTATION_COMMENTS = YES;
				CLANG_WARN_EMPTY_BODY = YES;
				CLANG_WARN_ENUM_CONVERSION = YES;
				CLANG_WARN_INFINITE_RECURSION = YES;
				CLANG_WARN_INT_CONVERSION = YES;
				CLANG_WARN_NON_LITERAL_NULL_CONVERSION = YES;
				CLANG_WARN_OBJC_IMPLICIT_RETAIN_SELF = YES;
				CLANG_WARN_OBJC_LITERAL_CONVERSION = YES;
				CLANG_WARN_OBJC_ROOT_CLASS = YES_ERROR;
				CLANG_WARN_QUOTED_INCLUDE_IN_FRAMEWORK_HEADER = YES;
				CLANG_WARN_RANGE_LOOP_ANALYSIS = YES;
				CLANG_WARN_STRICT_PROTOTYPES = YES;
				CLANG_WARN_SUSPICIOUS_MOVE = YES;
				CLANG_WARN_UNGUARDED_AVAILABILITY = YES_AGGRESSIVE;
				CLANG_WARN_UNREACHABLE_CODE = YES;
				CLANG_WARN__DUPLICATE_METHOD_MATCH = YES;
				COPY_PHASE_STRIP = NO;
				DEBUG_INFORMATION_FORMAT = "dwarf-with-dsym";
				ENABLE_NS_ASSERTIONS = NO;
				ENABLE_STRICT_OBJC_MSGSEND = YES;
				GCC_C_LANGUAGE_STANDARD = gnu11;
				GCC_NO_COMMON_BLOCKS = YES;
				GCC_WARN_64_TO_32_BIT_CONVERSION = YES;
				GCC_WARN_ABOUT_RETURN_TYPE = YES_ERROR;
				GCC_WARN_UNDECLARED_SELECTOR = YES;
				GCC_WARN_UNINITIALIZED_AUTOS = YES_AGGRESSIVE;
				GCC_WARN_UNUSED_FUNCTION = YES;
				GCC_WARN_UNUSED_VARIABLE = YES;
				IPHONEOS_DEPLOYMENT_TARGET = 16.2;
				MTL_ENABLE_DEBUG_INFO = NO;
				MTL_FAST_MATH = YES;
				SDKROOT = iphoneos;
				SWIFT_COMPILATION_MODE = wholemodule;
				SWIFT_OPTIMIZATION_LEVEL = "-O";
				VALIDATE_PRODUCT = YES;
			};
			name = Release;
		};
		B2B6D4A129DCA49B0070873F /* Debug */ = {
			isa = XCBuildConfiguration;
			buildSettings = {
				ASSETCATALOG_COMPILER_APPICON_NAME = AppIcon;
				ASSETCATALOG_COMPILER_GLOBAL_ACCENT_COLOR_NAME = AccentColor;
				CODE_SIGN_STYLE = Automatic;
				CURRENT_PROJECT_VERSION = 1;
				GENERATE_INFOPLIST_FILE = YES;
				INFOPLIST_FILE = Guidomia2021/Info.plist;
				INFOPLIST_KEY_UIApplicationSupportsIndirectInputEvents = YES;
				INFOPLIST_KEY_UILaunchStoryboardName = LaunchScreen;
				INFOPLIST_KEY_UIMainStoryboardFile = Main;
				INFOPLIST_KEY_UISupportedInterfaceOrientations_iPad = "UIInterfaceOrientationPortrait UIInterfaceOrientationPortraitUpsideDown UIInterfaceOrientationLandscapeLeft UIInterfaceOrientationLandscapeRight";
				INFOPLIST_KEY_UISupportedInterfaceOrientations_iPhone = "UIInterfaceOrientationPortrait UIInterfaceOrientationLandscapeLeft UIInterfaceOrientationLandscapeRight";
				IPHONEOS_DEPLOYMENT_TARGET = 15.0;
				LD_RUNPATH_SEARCH_PATHS = (
					"$(inherited)",
					"@executable_path/Frameworks",
				);
				MARKETING_VERSION = 1.0;
				PRODUCT_BUNDLE_IDENTIFIER = com.parththakkar.Guidomia2021;
				PRODUCT_NAME = "$(TARGET_NAME)";
				SUPPORTED_PLATFORMS = "iphoneos iphonesimulator";
				SUPPORTS_MACCATALYST = NO;
				SUPPORTS_MAC_DESIGNED_FOR_IPHONE_IPAD = NO;
				SWIFT_EMIT_LOC_STRINGS = YES;
				SWIFT_VERSION = 5.0;
				TARGETED_DEVICE_FAMILY = 1;
			};
			name = Debug;
		};
		B2B6D4A229DCA49B0070873F /* Release */ = {
			isa = XCBuildConfiguration;
			buildSettings = {
				ASSETCATALOG_COMPILER_APPICON_NAME = AppIcon;
				ASSETCATALOG_COMPILER_GLOBAL_ACCENT_COLOR_NAME = AccentColor;
				CODE_SIGN_STYLE = Automatic;
				CURRENT_PROJECT_VERSION = 1;
				GENERATE_INFOPLIST_FILE = YES;
				INFOPLIST_FILE = Guidomia2021/Info.plist;
				INFOPLIST_KEY_UIApplicationSupportsIndirectInputEvents = YES;
				INFOPLIST_KEY_UILaunchStoryboardName = LaunchScreen;
				INFOPLIST_KEY_UIMainStoryboardFile = Main;
				INFOPLIST_KEY_UISupportedInterfaceOrientations_iPad = "UIInterfaceOrientationPortrait UIInterfaceOrientationPortraitUpsideDown UIInterfaceOrientationLandscapeLeft UIInterfaceOrientationLandscapeRight";
				INFOPLIST_KEY_UISupportedInterfaceOrientations_iPhone = "UIInterfaceOrientationPortrait UIInterfaceOrientationLandscapeLeft UIInterfaceOrientationLandscapeRight";
				IPHONEOS_DEPLOYMENT_TARGET = 15.0;
				LD_RUNPATH_SEARCH_PATHS = (
					"$(inherited)",
					"@executable_path/Frameworks",
				);
				MARKETING_VERSION = 1.0;
				PRODUCT_BUNDLE_IDENTIFIER = com.parththakkar.Guidomia2021;
				PRODUCT_NAME = "$(TARGET_NAME)";
				SUPPORTED_PLATFORMS = "iphoneos iphonesimulator";
				SUPPORTS_MACCATALYST = NO;
				SUPPORTS_MAC_DESIGNED_FOR_IPHONE_IPAD = NO;
				SWIFT_EMIT_LOC_STRINGS = YES;
				SWIFT_VERSION = 5.0;
				TARGETED_DEVICE_FAMILY = 1;
			};
			name = Release;
		};
/* End XCBuildConfiguration section */

/* Begin XCConfigurationList section */
		B232C1A329DE49A500E4EF9B /* Build configuration list for PBXNativeTarget "Guidomia2021Tests" */ = {
			isa = XCConfigurationList;
			buildConfigurations = (
				B232C1A129DE49A500E4EF9B /* Debug */,
				B232C1A229DE49A500E4EF9B /* Release */,
			);
			defaultConfigurationIsVisible = 0;
			defaultConfigurationName = Release;
		};
		B2B6D48729DCA4980070873F /* Build configuration list for PBXProject "Guidomia2021" */ = {
			isa = XCConfigurationList;
			buildConfigurations = (
				B2B6D49E29DCA49B0070873F /* Debug */,
				B2B6D49F29DCA49B0070873F /* Release */,
			);
			defaultConfigurationIsVisible = 0;
			defaultConfigurationName = Release;
		};
		B2B6D4A029DCA49B0070873F /* Build configuration list for PBXNativeTarget "Guidomia2021" */ = {
			isa = XCConfigurationList;
			buildConfigurations = (
				B2B6D4A129DCA49B0070873F /* Debug */,
				B2B6D4A229DCA49B0070873F /* Release */,
			);
			defaultConfigurationIsVisible = 0;
			defaultConfigurationName = Release;
		};
/* End XCConfigurationList section */

/* Begin XCVersionGroup section */
		B2B6D4C229DDEA890070873F /* Model.xcdatamodeld */ = {
			isa = XCVersionGroup;
			children = (
				B2B6D4C329DDEA890070873F /* Model.xcdatamodel */,
			);
			currentVersion = B2B6D4C329DDEA890070873F /* Model.xcdatamodel */;
			path = Model.xcdatamodeld;
			sourceTree = "<group>";
			versionGroupType = wrapper.xcdatamodel;
		};
/* End XCVersionGroup section */
	};
	rootObject = B2B6D48429DCA4980070873F /* Project object */;
}
